
Microsoft Visual Studio Solution File, Format Version 12.00
# Visual Studio Version 17
VisualStudioVersion = 17.5.002.0
MinimumVisualStudioVersion = 10.0.40219.1
Project("{9A19103F-16F7-4668-BE54-9A1E7A4F7556}") = "exercise-2", "exercise-2.csproj", "{F3FA1FFB-9592-49ED-AC1A-B9EEC6718836}"
EndProject
Global
	GlobalSection(SolutionConfigurationPlatforms) = preSolution
		Debug|Any CPU = Debug|Any CPU
		Release|Any CPU = Release|Any CPU
	EndGlobalSection
	GlobalSection(ProjectConfigurationPlatforms) = postSolution
		{F3FA1FFB-9592-49ED-AC1A-B9EEC6718836}.Debug|Any CPU.ActiveCfg = Debug|Any CPU
		{F3FA1FFB-9592-49ED-AC1A-B9EEC6718836}.Debug|Any CPU.Build.0 = Debug|Any CPU
		{F3FA1FFB-9592-49ED-AC1A-B9EEC6718836}.Release|Any CPU.ActiveCfg = Release|Any CPU
		{F3FA1FFB-9592-49ED-AC1A-B9EEC6718836}.Release|Any CPU.Build.0 = Release|Any CPU
	EndGlobalSection
	GlobalSection(SolutionProperties) = preSolution
		HideSolutionNode = FALSE
	EndGlobalSection
	GlobalSection(ExtensibilityGlobals) = postSolution
		SolutionGuid = {ED9E8A2C-F0D8-49AC-98EC-4EFEC3049BE8}
	EndGlobalSection
EndGlobal
